
Microsoft Visual Studio Solution File, Format Version 12.00
# Visual Studio Version 17
VisualStudioVersion = 17.0.31903.59
MinimumVisualStudioVersion = 10.0.40219.1
Project("{FAE04EC0-301F-11D3-BF4B-00C04F79EFBC}") = "tstWeb", "tstWeb\tstWeb.csproj", "{200AA32E-2546-44BE-9CA2-0973DBA25621}"
EndProject
Global
	GlobalSection(SolutionConfigurationPlatforms) = preSolution
		Debug|Any CPU = Debug|Any CPU
		Release|Any CPU = Release|Any CPU
	EndGlobalSection
	GlobalSection(ProjectConfigurationPlatforms) = postSolution
		{200AA32E-2546-44BE-9CA2-0973DBA25621}.Debug|Any CPU.ActiveCfg = Debug|Any CPU
		{200AA32E-2546-44BE-9CA2-0973DBA25621}.Debug|Any CPU.Build.0 = Debug|Any CPU
		{200AA32E-2546-44BE-9CA2-0973DBA25621}.Release|Any CPU.ActiveCfg = Release|Any CPU
		{200AA32E-2546-44BE-9CA2-0973DBA25621}.Release|Any CPU.Build.0 = Release|Any CPU
	EndGlobalSection
	GlobalSection(SolutionProperties) = preSolution
		HideSolutionNode = FALSE
	EndGlobalSection
	GlobalSection(ExtensibilityGlobals) = postSolution
		SolutionGuid = {919C3794-70AC-45D0-B760-3C1879ACD425}
	EndGlobalSection
EndGlobal
