
Microsoft Visual Studio Solution File, Format Version 12.00
# Visual Studio Version 16
VisualStudioVersion = 16.0.32106.194
MinimumVisualStudioVersion = 10.0.40219.1
Project("{9A19103F-16F7-4668-BE54-9A1E7A4F7556}") = "ConsoleApp1", "ConsoleApp1\ConsoleApp1.csproj", "{C06787D2-3E38-4D10-9723-A6C4BCAC7C01}"
EndProject
Global
	GlobalSection(SolutionConfigurationPlatforms) = preSolution
		Debug|Any CPU = Debug|Any CPU
		Release|Any CPU = Release|Any CPU
	EndGlobalSection
	GlobalSection(ProjectConfigurationPlatforms) = postSolution
		{C06787D2-3E38-4D10-9723-A6C4BCAC7C01}.Debug|Any CPU.ActiveCfg = Debug|Any CPU
		{C06787D2-3E38-4D10-9723-A6C4BCAC7C01}.Debug|Any CPU.Build.0 = Debug|Any CPU
		{C06787D2-3E38-4D10-9723-A6C4BCAC7C01}.Release|Any CPU.ActiveCfg = Release|Any CPU
		{C06787D2-3E38-4D10-9723-A6C4BCAC7C01}.Release|Any CPU.Build.0 = Release|Any CPU
	EndGlobalSection
	GlobalSection(SolutionProperties) = preSolution
		HideSolutionNode = FALSE
	EndGlobalSection
	GlobalSection(ExtensibilityGlobals) = postSolution
		SolutionGuid = {9D945757-0E0D-4B77-9D14-C4D8FE1F3919}
	EndGlobalSection
EndGlobal
