
Microsoft Visual Studio Solution File, Format Version 12.00
# Visual Studio Version 17
VisualStudioVersion = 17.0.31903.59
MinimumVisualStudioVersion = 10.0.40219.1
Project("{2150E333-8FDC-42A3-9474-1A3956D46DE8}") = "Doc", "Doc", "{1AA8CA1F-B472-455F-BD39-86A4B05AB799}"
EndProject
Project("{2150E333-8FDC-42A3-9474-1A3956D46DE8}") = "src", "src", "{5EB6E3F5-5D58-4872-89A2-1E4593A04021}"
EndProject
Project("{2150E333-8FDC-42A3-9474-1A3956D46DE8}") = "Test", "Test", "{EBB269A2-CD96-4B9F-8ED9-68F3CBA4610B}"
EndProject
Project("{2150E333-8FDC-42A3-9474-1A3956D46DE8}") = "Core", "Core", "{BA5DF9B3-2181-45C1-9EFD-3BF9FE390832}"
EndProject
Project("{2150E333-8FDC-42A3-9474-1A3956D46DE8}") = "Inferstracture", "Inferstracture", "{E2DC5DBB-92FC-498F-BBFE-179F7E6071ED}"
EndProject
Project("{2150E333-8FDC-42A3-9474-1A3956D46DE8}") = "Presention", "Presention", "{34DCF02A-8909-43F1-B583-E54F6F26F31F}"
EndProject
Project("{2150E333-8FDC-42A3-9474-1A3956D46DE8}") = "Common", "Common", "{C5F3A051-E818-411E-98F5-7D3A4D0E776D}"
EndProject
Project("{FAE04EC0-301F-11D3-BF4B-00C04F79EFBC}") = "sore.Domin", "sore.Domin\sore.Domin.csproj", "{A7105C50-89C1-4D93-BCA9-933835984A7D}"
EndProject
Project("{FAE04EC0-301F-11D3-BF4B-00C04F79EFBC}") = "stor.Applications", "stor.Applications\stor.Applications.csproj", "{6606075A-A3C6-42F5-92DD-B31207A5596C}"
EndProject
Project("{FAE04EC0-301F-11D3-BF4B-00C04F79EFBC}") = "stor.Inferstructur", "stor.Inferstructur\stor.Inferstructur.csproj", "{D94B7227-A976-49D2-A01D-8D553712F958}"
EndProject
Project("{FAE04EC0-301F-11D3-BF4B-00C04F79EFBC}") = "stor.Persistance", "stor.Persistance\stor.Persistance.csproj", "{A6C574EB-ECD6-42D2-BE4E-7720339537B5}"
EndProject
Project("{FAE04EC0-301F-11D3-BF4B-00C04F79EFBC}") = "stor.Common", "stor.Common\stor.Common.csproj", "{AC93F952-FA00-43D3-8302-37CA18D088D5}"
EndProject
Project("{FAE04EC0-301F-11D3-BF4B-00C04F79EFBC}") = "EndPoint.Site", "EndPoint.Site\EndPoint.Site.csproj", "{ACEE20ED-8D33-4494-85F9-39A808585F84}"
EndProject
Global
	GlobalSection(SolutionConfigurationPlatforms) = preSolution
		Debug|Any CPU = Debug|Any CPU
		Release|Any CPU = Release|Any CPU
	EndGlobalSection
	GlobalSection(ProjectConfigurationPlatforms) = postSolution
		{A7105C50-89C1-4D93-BCA9-933835984A7D}.Debug|Any CPU.ActiveCfg = Debug|Any CPU
		{A7105C50-89C1-4D93-BCA9-933835984A7D}.Debug|Any CPU.Build.0 = Debug|Any CPU
		{A7105C50-89C1-4D93-BCA9-933835984A7D}.Release|Any CPU.ActiveCfg = Release|Any CPU
		{A7105C50-89C1-4D93-BCA9-933835984A7D}.Release|Any CPU.Build.0 = Release|Any CPU
		{6606075A-A3C6-42F5-92DD-B31207A5596C}.Debug|Any CPU.ActiveCfg = Debug|Any CPU
		{6606075A-A3C6-42F5-92DD-B31207A5596C}.Debug|Any CPU.Build.0 = Debug|Any CPU
		{6606075A-A3C6-42F5-92DD-B31207A5596C}.Release|Any CPU.ActiveCfg = Release|Any CPU
		{6606075A-A3C6-42F5-92DD-B31207A5596C}.Release|Any CPU.Build.0 = Release|Any CPU
		{D94B7227-A976-49D2-A01D-8D553712F958}.Debug|Any CPU.ActiveCfg = Debug|Any CPU
		{D94B7227-A976-49D2-A01D-8D553712F958}.Debug|Any CPU.Build.0 = Debug|Any CPU
		{D94B7227-A976-49D2-A01D-8D553712F958}.Release|Any CPU.ActiveCfg = Release|Any CPU
		{D94B7227-A976-49D2-A01D-8D553712F958}.Release|Any CPU.Build.0 = Release|Any CPU
		{A6C574EB-ECD6-42D2-BE4E-7720339537B5}.Debug|Any CPU.ActiveCfg = Debug|Any CPU
		{A6C574EB-ECD6-42D2-BE4E-7720339537B5}.Debug|Any CPU.Build.0 = Debug|Any CPU
		{A6C574EB-ECD6-42D2-BE4E-7720339537B5}.Release|Any CPU.ActiveCfg = Release|Any CPU
		{A6C574EB-ECD6-42D2-BE4E-7720339537B5}.Release|Any CPU.Build.0 = Release|Any CPU
		{AC93F952-FA00-43D3-8302-37CA18D088D5}.Debug|Any CPU.ActiveCfg = Debug|Any CPU
		{AC93F952-FA00-43D3-8302-37CA18D088D5}.Debug|Any CPU.Build.0 = Debug|Any CPU
		{AC93F952-FA00-43D3-8302-37CA18D088D5}.Release|Any CPU.ActiveCfg = Release|Any CPU
		{AC93F952-FA00-43D3-8302-37CA18D088D5}.Release|Any CPU.Build.0 = Release|Any CPU
		{ACEE20ED-8D33-4494-85F9-39A808585F84}.Debug|Any CPU.ActiveCfg = Debug|Any CPU
		{ACEE20ED-8D33-4494-85F9-39A808585F84}.Debug|Any CPU.Build.0 = Debug|Any CPU
		{ACEE20ED-8D33-4494-85F9-39A808585F84}.Release|Any CPU.ActiveCfg = Release|Any CPU
		{ACEE20ED-8D33-4494-85F9-39A808585F84}.Release|Any CPU.Build.0 = Release|Any CPU
	EndGlobalSection
	GlobalSection(SolutionProperties) = preSolution
		HideSolutionNode = FALSE
	EndGlobalSection
	GlobalSection(NestedProjects) = preSolution
		{BA5DF9B3-2181-45C1-9EFD-3BF9FE390832} = {5EB6E3F5-5D58-4872-89A2-1E4593A04021}
		{E2DC5DBB-92FC-498F-BBFE-179F7E6071ED} = {5EB6E3F5-5D58-4872-89A2-1E4593A04021}
		{34DCF02A-8909-43F1-B583-E54F6F26F31F} = {5EB6E3F5-5D58-4872-89A2-1E4593A04021}
		{C5F3A051-E818-411E-98F5-7D3A4D0E776D} = {5EB6E3F5-5D58-4872-89A2-1E4593A04021}
		{A7105C50-89C1-4D93-BCA9-933835984A7D} = {BA5DF9B3-2181-45C1-9EFD-3BF9FE390832}
		{6606075A-A3C6-42F5-92DD-B31207A5596C} = {BA5DF9B3-2181-45C1-9EFD-3BF9FE390832}
		{D94B7227-A976-49D2-A01D-8D553712F958} = {E2DC5DBB-92FC-498F-BBFE-179F7E6071ED}
		{A6C574EB-ECD6-42D2-BE4E-7720339537B5} = {E2DC5DBB-92FC-498F-BBFE-179F7E6071ED}
		{AC93F952-FA00-43D3-8302-37CA18D088D5} = {C5F3A051-E818-411E-98F5-7D3A4D0E776D}
		{ACEE20ED-8D33-4494-85F9-39A808585F84} = {34DCF02A-8909-43F1-B583-E54F6F26F31F}
	EndGlobalSection
	GlobalSection(ExtensibilityGlobals) = postSolution
		SolutionGuid = {BE00B194-79AC-4B18-823B-89181BEBDADB}
	EndGlobalSection
EndGlobal
