
Microsoft Visual Studio Solution File, Format Version 12.00
# Visual Studio Version 17
VisualStudioVersion = 17.0.31903.59
MinimumVisualStudioVersion = 10.0.40219.1
Project("{9A19103F-16F7-4668-BE54-9A1E7A4F7556}") = "PlatformService", "PlatformService\PlatformService.csproj", "{9AB75C29-747D-4B0B-8811-7A30D0A9D63C}"
EndProject
Project("{2150E333-8FDC-42A3-9474-1A3956D46DE8}") = "k85", "k85", "{D15F0E9C-C1DA-460B-A316-AAB21510E8DD}"
	ProjectSection(SolutionItems) = preProject
		PlatformService\platforms-depl.yaml = PlatformService\platforms-depl.yaml
		Platforms-np-srv.yaml = Platforms-np-srv.yaml
	EndProjectSection
EndProject
Project("{9A19103F-16F7-4668-BE54-9A1E7A4F7556}") = "CommandsService", "CommandsService\CommandsService.csproj", "{05EBBD1E-211C-4AF4-8E48-C7A4A4F5EE0C}"
EndProject
Global
	GlobalSection(SolutionConfigurationPlatforms) = preSolution
		Debug|Any CPU = Debug|Any CPU
		Release|Any CPU = Release|Any CPU
	EndGlobalSection
	GlobalSection(ProjectConfigurationPlatforms) = postSolution
		{9AB75C29-747D-4B0B-8811-7A30D0A9D63C}.Debug|Any CPU.ActiveCfg = Debug|Any CPU
		{9AB75C29-747D-4B0B-8811-7A30D0A9D63C}.Debug|Any CPU.Build.0 = Debug|Any CPU
		{9AB75C29-747D-4B0B-8811-7A30D0A9D63C}.Release|Any CPU.ActiveCfg = Release|Any CPU
		{9AB75C29-747D-4B0B-8811-7A30D0A9D63C}.Release|Any CPU.Build.0 = Release|Any CPU
		{05EBBD1E-211C-4AF4-8E48-C7A4A4F5EE0C}.Debug|Any CPU.ActiveCfg = Debug|Any CPU
		{05EBBD1E-211C-4AF4-8E48-C7A4A4F5EE0C}.Debug|Any CPU.Build.0 = Debug|Any CPU
		{05EBBD1E-211C-4AF4-8E48-C7A4A4F5EE0C}.Release|Any CPU.ActiveCfg = Release|Any CPU
		{05EBBD1E-211C-4AF4-8E48-C7A4A4F5EE0C}.Release|Any CPU.Build.0 = Release|Any CPU
	EndGlobalSection
	GlobalSection(SolutionProperties) = preSolution
		HideSolutionNode = FALSE
	EndGlobalSection
	GlobalSection(ExtensibilityGlobals) = postSolution
		SolutionGuid = {18E78414-CAEE-4058-A22C-A5C4CBDE0A4C}
	EndGlobalSection
EndGlobal
