
Microsoft Visual Studio Solution File, Format Version 12.00
# Visual Studio Version 17
VisualStudioVersion = 17.0.31903.59
MinimumVisualStudioVersion = 10.0.40219.1
Project("{FAE04EC0-301F-11D3-BF4B-00C04F79EFBC}") = "restApi", "restApi\restApi.csproj", "{AF446B27-5247-489E-B4DF-BF05091442ED}"
EndProject
Project("{FAE04EC0-301F-11D3-BF4B-00C04F79EFBC}") = "TestProject1", "TestProject1\TestProject1.csproj", "{FE280FE4-86D1-4FB1-91AB-2F89BCA32924}"
EndProject
Global
	GlobalSection(SolutionConfigurationPlatforms) = preSolution
		Debug|Any CPU = Debug|Any CPU
		Release|Any CPU = Release|Any CPU
	EndGlobalSection
	GlobalSection(ProjectConfigurationPlatforms) = postSolution
		{AF446B27-5247-489E-B4DF-BF05091442ED}.Debug|Any CPU.ActiveCfg = Debug|Any CPU
		{AF446B27-5247-489E-B4DF-BF05091442ED}.Debug|Any CPU.Build.0 = Debug|Any CPU
		{AF446B27-5247-489E-B4DF-BF05091442ED}.Release|Any CPU.ActiveCfg = Release|Any CPU
		{AF446B27-5247-489E-B4DF-BF05091442ED}.Release|Any CPU.Build.0 = Release|Any CPU
		{FE280FE4-86D1-4FB1-91AB-2F89BCA32924}.Debug|Any CPU.ActiveCfg = Debug|Any CPU
		{FE280FE4-86D1-4FB1-91AB-2F89BCA32924}.Debug|Any CPU.Build.0 = Debug|Any CPU
		{FE280FE4-86D1-4FB1-91AB-2F89BCA32924}.Release|Any CPU.ActiveCfg = Release|Any CPU
		{FE280FE4-86D1-4FB1-91AB-2F89BCA32924}.Release|Any CPU.Build.0 = Release|Any CPU
	EndGlobalSection
	GlobalSection(SolutionProperties) = preSolution
		HideSolutionNode = FALSE
	EndGlobalSection
	GlobalSection(ExtensibilityGlobals) = postSolution
		SolutionGuid = {09175B19-A052-4C97-B544-D8D43452AACE}
	EndGlobalSection
EndGlobal
