
Microsoft Visual Studio Solution File, Format Version 12.00
# Visual Studio Version 17
VisualStudioVersion = 17.0.31903.59
MinimumVisualStudioVersion = 10.0.40219.1
Project("{FAE04EC0-301F-11D3-BF4B-00C04F79EFBC}") = "WebApplication5", "WebApplication5\WebApplication5.csproj", "{1CF826AF-BADF-401C-BAE3-D7603B20B66C}"
EndProject
Global
	GlobalSection(SolutionConfigurationPlatforms) = preSolution
		Debug|Any CPU = Debug|Any CPU
		Release|Any CPU = Release|Any CPU
	EndGlobalSection
	GlobalSection(ProjectConfigurationPlatforms) = postSolution
		{1CF826AF-BADF-401C-BAE3-D7603B20B66C}.Debug|Any CPU.ActiveCfg = Debug|Any CPU
		{1CF826AF-BADF-401C-BAE3-D7603B20B66C}.Debug|Any CPU.Build.0 = Debug|Any CPU
		{1CF826AF-BADF-401C-BAE3-D7603B20B66C}.Release|Any CPU.ActiveCfg = Release|Any CPU
		{1CF826AF-BADF-401C-BAE3-D7603B20B66C}.Release|Any CPU.Build.0 = Release|Any CPU
	EndGlobalSection
	GlobalSection(SolutionProperties) = preSolution
		HideSolutionNode = FALSE
	EndGlobalSection
	GlobalSection(ExtensibilityGlobals) = postSolution
		SolutionGuid = {3118C458-F88B-4C36-9728-6B05BDA36C39}
	EndGlobalSection
EndGlobal
