
Microsoft Visual Studio Solution File, Format Version 12.00
# Visual Studio Version 16
VisualStudioVersion = 16.0.32106.194
MinimumVisualStudioVersion = 10.0.40219.1
Project("{FAE04EC0-301F-11D3-BF4B-00C04F79EFBC}") = "Users", "Users\Users.csproj", "{06789723-D584-44E2-AD61-BAE9924EE760}"
EndProject
Global
	GlobalSection(SolutionConfigurationPlatforms) = preSolution
		Debug|Any CPU = Debug|Any CPU
		Release|Any CPU = Release|Any CPU
	EndGlobalSection
	GlobalSection(ProjectConfigurationPlatforms) = postSolution
		{06789723-D584-44E2-AD61-BAE9924EE760}.Debug|Any CPU.ActiveCfg = Debug|Any CPU
		{06789723-D584-44E2-AD61-BAE9924EE760}.Debug|Any CPU.Build.0 = Debug|Any CPU
		{06789723-D584-44E2-AD61-BAE9924EE760}.Release|Any CPU.ActiveCfg = Release|Any CPU
		{06789723-D584-44E2-AD61-BAE9924EE760}.Release|Any CPU.Build.0 = Release|Any CPU
	EndGlobalSection
	GlobalSection(SolutionProperties) = preSolution
		HideSolutionNode = FALSE
	EndGlobalSection
	GlobalSection(ExtensibilityGlobals) = postSolution
		SolutionGuid = {F733CFD7-8CC1-4C9C-A789-F875A16E14B7}
	EndGlobalSection
EndGlobal
