
Microsoft Visual Studio Solution File, Format Version 12.00
# Visual Studio Version 17
VisualStudioVersion = 17.0.31903.59
MinimumVisualStudioVersion = 10.0.40219.1
Project("{9A19103F-16F7-4668-BE54-9A1E7A4F7556}") = "Helios.Application", "Helios.Application\Helios.Application.csproj", "{6C238444-39B2-4A34-A09D-26CD897EF72C}"
EndProject
Project("{9A19103F-16F7-4668-BE54-9A1E7A4F7556}") = "Helios.Inferstructure", "Helios.Inferstructure\Helios.Inferstructure.csproj", "{4B86369E-543F-4813-93A4-A882F782B96A}"
EndProject
Project("{9A19103F-16F7-4668-BE54-9A1E7A4F7556}") = "Helios.Domain", "Helios.Domain\Helios.Domain.csproj", "{62B71DD0-8EAF-4A22-B787-6B1AA4603773}"
EndProject
Project("{FAE04EC0-301F-11D3-BF4B-00C04F79EFBC}") = "Helios.Api", "Helios.Api\Helios.Api.csproj", "{DBC71582-B1C0-4DB9-A367-B310243830F2}"
EndProject
Project("{2150E333-8FDC-42A3-9474-1A3956D46DE8}") = "src", "src", "{A7EB35FE-2F51-4BE7-A79E-7B708ACDBF53}"
EndProject
Project("{2150E333-8FDC-42A3-9474-1A3956D46DE8}") = "UnitTest", "UnitTest", "{9D61051A-4AAE-4509-83EB-A1FB2EA86041}"
EndProject
Project("{9A19103F-16F7-4668-BE54-9A1E7A4F7556}") = "TestHelios", "TestHelios\TestHelios.csproj", "{CD67EFEB-B8E0-449B-A58B-A3D1C37183C9}"
EndProject
Global
	GlobalSection(SolutionConfigurationPlatforms) = preSolution
		Debug|Any CPU = Debug|Any CPU
		Release|Any CPU = Release|Any CPU
	EndGlobalSection
	GlobalSection(ProjectConfigurationPlatforms) = postSolution
		{6C238444-39B2-4A34-A09D-26CD897EF72C}.Debug|Any CPU.ActiveCfg = Debug|Any CPU
		{6C238444-39B2-4A34-A09D-26CD897EF72C}.Debug|Any CPU.Build.0 = Debug|Any CPU
		{6C238444-39B2-4A34-A09D-26CD897EF72C}.Release|Any CPU.ActiveCfg = Release|Any CPU
		{6C238444-39B2-4A34-A09D-26CD897EF72C}.Release|Any CPU.Build.0 = Release|Any CPU
		{4B86369E-543F-4813-93A4-A882F782B96A}.Debug|Any CPU.ActiveCfg = Debug|Any CPU
		{4B86369E-543F-4813-93A4-A882F782B96A}.Debug|Any CPU.Build.0 = Debug|Any CPU
		{4B86369E-543F-4813-93A4-A882F782B96A}.Release|Any CPU.ActiveCfg = Release|Any CPU
		{4B86369E-543F-4813-93A4-A882F782B96A}.Release|Any CPU.Build.0 = Release|Any CPU
		{62B71DD0-8EAF-4A22-B787-6B1AA4603773}.Debug|Any CPU.ActiveCfg = Debug|Any CPU
		{62B71DD0-8EAF-4A22-B787-6B1AA4603773}.Debug|Any CPU.Build.0 = Debug|Any CPU
		{62B71DD0-8EAF-4A22-B787-6B1AA4603773}.Release|Any CPU.ActiveCfg = Release|Any CPU
		{62B71DD0-8EAF-4A22-B787-6B1AA4603773}.Release|Any CPU.Build.0 = Release|Any CPU
		{DBC71582-B1C0-4DB9-A367-B310243830F2}.Debug|Any CPU.ActiveCfg = Debug|Any CPU
		{DBC71582-B1C0-4DB9-A367-B310243830F2}.Debug|Any CPU.Build.0 = Debug|Any CPU
		{DBC71582-B1C0-4DB9-A367-B310243830F2}.Release|Any CPU.ActiveCfg = Release|Any CPU
		{DBC71582-B1C0-4DB9-A367-B310243830F2}.Release|Any CPU.Build.0 = Release|Any CPU
		{CD67EFEB-B8E0-449B-A58B-A3D1C37183C9}.Debug|Any CPU.ActiveCfg = Debug|Any CPU
		{CD67EFEB-B8E0-449B-A58B-A3D1C37183C9}.Debug|Any CPU.Build.0 = Debug|Any CPU
		{CD67EFEB-B8E0-449B-A58B-A3D1C37183C9}.Release|Any CPU.ActiveCfg = Release|Any CPU
		{CD67EFEB-B8E0-449B-A58B-A3D1C37183C9}.Release|Any CPU.Build.0 = Release|Any CPU
	EndGlobalSection
	GlobalSection(SolutionProperties) = preSolution
		HideSolutionNode = FALSE
	EndGlobalSection
	GlobalSection(NestedProjects) = preSolution
		{6C238444-39B2-4A34-A09D-26CD897EF72C} = {A7EB35FE-2F51-4BE7-A79E-7B708ACDBF53}
		{4B86369E-543F-4813-93A4-A882F782B96A} = {A7EB35FE-2F51-4BE7-A79E-7B708ACDBF53}
		{62B71DD0-8EAF-4A22-B787-6B1AA4603773} = {A7EB35FE-2F51-4BE7-A79E-7B708ACDBF53}
		{DBC71582-B1C0-4DB9-A367-B310243830F2} = {A7EB35FE-2F51-4BE7-A79E-7B708ACDBF53}
		{CD67EFEB-B8E0-449B-A58B-A3D1C37183C9} = {9D61051A-4AAE-4509-83EB-A1FB2EA86041}
	EndGlobalSection
	GlobalSection(ExtensibilityGlobals) = postSolution
		SolutionGuid = {50860D9C-9DA7-4B0C-A36C-2C37148E3E20}
	EndGlobalSection
EndGlobal
